
Microsoft Visual Studio Solution File, Format Version 12.00
# Visual Studio 15
VisualStudioVersion = 15.0.28010.2026
MinimumVisualStudioVersion = 10.0.40219.1
Project("{FAE04EC0-301F-11D3-BF4B-00C04F79EFBC}") = "lesson4_2", "lesson4_2\lesson4_2.csproj", "{21DDDAE9-EECA-4BFC-BE92-D9A7CA041646}"
EndProject
Global
	GlobalSection(SolutionConfigurationPlatforms) = preSolution
		Debug|Any CPU = Debug|Any CPU
		Release|Any CPU = Release|Any CPU
	EndGlobalSection
	GlobalSection(ProjectConfigurationPlatforms) = postSolution
		{21DDDAE9-EECA-4BFC-BE92-D9A7CA041646}.Debug|Any CPU.ActiveCfg = Debug|Any CPU
		{21DDDAE9-EECA-4BFC-BE92-D9A7CA041646}.Debug|Any CPU.Build.0 = Debug|Any CPU
		{21DDDAE9-EECA-4BFC-BE92-D9A7CA041646}.Release|Any CPU.ActiveCfg = Release|Any CPU
		{21DDDAE9-EECA-4BFC-BE92-D9A7CA041646}.Release|Any CPU.Build.0 = Release|Any CPU
	EndGlobalSection
	GlobalSection(SolutionProperties) = preSolution
		HideSolutionNode = FALSE
	EndGlobalSection
	GlobalSection(ExtensibilityGlobals) = postSolution
		SolutionGuid = {BBD468E0-461D-427C-8271-C20BA1737BFF}
	EndGlobalSection
EndGlobal
