
Microsoft Visual Studio Solution File, Format Version 12.00
# Visual Studio 15
VisualStudioVersion = 15.0.28010.2046
MinimumVisualStudioVersion = 10.0.40219.1
Project("{FAE04EC0-301F-11D3-BF4B-00C04F79EFBC}") = "MarketOnline", "MarketOnline\MarketOnline.csproj", "{30C32E71-8A5C-43DF-BF94-15303A581B8D}"
EndProject
Global
	GlobalSection(SolutionConfigurationPlatforms) = preSolution
		Debug|Any CPU = Debug|Any CPU
		Release|Any CPU = Release|Any CPU
	EndGlobalSection
	GlobalSection(ProjectConfigurationPlatforms) = postSolution
		{30C32E71-8A5C-43DF-BF94-15303A581B8D}.Debug|Any CPU.ActiveCfg = Debug|Any CPU
		{30C32E71-8A5C-43DF-BF94-15303A581B8D}.Debug|Any CPU.Build.0 = Debug|Any CPU
		{30C32E71-8A5C-43DF-BF94-15303A581B8D}.Release|Any CPU.ActiveCfg = Release|Any CPU
		{30C32E71-8A5C-43DF-BF94-15303A581B8D}.Release|Any CPU.Build.0 = Release|Any CPU
	EndGlobalSection
	GlobalSection(SolutionProperties) = preSolution
		HideSolutionNode = FALSE
	EndGlobalSection
	GlobalSection(ExtensibilityGlobals) = postSolution
		SolutionGuid = {5C018E16-2BE7-4ED1-84A3-4D5B746A0047}
	EndGlobalSection
EndGlobal
