
Microsoft Visual Studio Solution File, Format Version 12.00
# Visual Studio 15
VisualStudioVersion = 15.0.28010.2046
MinimumVisualStudioVersion = 10.0.40219.1
Project("{FAE04EC0-301F-11D3-BF4B-00C04F79EFBC}") = "Printer", "Printer\Printer.csproj", "{941786B3-5907-4B6A-8315-D3D99B7E2F83}"
EndProject
Global
	GlobalSection(SolutionConfigurationPlatforms) = preSolution
		Debug|Any CPU = Debug|Any CPU
		Release|Any CPU = Release|Any CPU
	EndGlobalSection
	GlobalSection(ProjectConfigurationPlatforms) = postSolution
		{941786B3-5907-4B6A-8315-D3D99B7E2F83}.Debug|Any CPU.ActiveCfg = Debug|Any CPU
		{941786B3-5907-4B6A-8315-D3D99B7E2F83}.Debug|Any CPU.Build.0 = Debug|Any CPU
		{941786B3-5907-4B6A-8315-D3D99B7E2F83}.Release|Any CPU.ActiveCfg = Release|Any CPU
		{941786B3-5907-4B6A-8315-D3D99B7E2F83}.Release|Any CPU.Build.0 = Release|Any CPU
	EndGlobalSection
	GlobalSection(SolutionProperties) = preSolution
		HideSolutionNode = FALSE
	EndGlobalSection
	GlobalSection(ExtensibilityGlobals) = postSolution
		SolutionGuid = {6FDCB207-2D75-4E47-88CE-D33C54293A9B}
	EndGlobalSection
EndGlobal
